
Microsoft Visual Studio Solution File, Format Version 12.00
# Visual Studio Version 16
VisualStudioVersion = 16.0.31624.102
MinimumVisualStudioVersion = 10.0.40219.1
Project("{FAE04EC0-301F-11D3-BF4B-00C04F79EFBC}") = "Images.API", "Images.API\Images.API.csproj", "{6179337E-9B0D-4173-BAD1-77A513207346}"
EndProject
Project("{FAE04EC0-301F-11D3-BF4B-00C04F79EFBC}") = "Images.WEB", "Images.WEB\Images.WEB.csproj", "{F7888961-12EC-4BF6-868E-70804FD3D09A}"
EndProject
Global
	GlobalSection(SolutionConfigurationPlatforms) = preSolution
		Debug|Any CPU = Debug|Any CPU
		Release|Any CPU = Release|Any CPU
	EndGlobalSection
	GlobalSection(ProjectConfigurationPlatforms) = postSolution
		{6179337E-9B0D-4173-BAD1-77A513207346}.Debug|Any CPU.ActiveCfg = Debug|Any CPU
		{6179337E-9B0D-4173-BAD1-77A513207346}.Debug|Any CPU.Build.0 = Debug|Any CPU
		{6179337E-9B0D-4173-BAD1-77A513207346}.Release|Any CPU.ActiveCfg = Release|Any CPU
		{6179337E-9B0D-4173-BAD1-77A513207346}.Release|Any CPU.Build.0 = Release|Any CPU
		{F7888961-12EC-4BF6-868E-70804FD3D09A}.Debug|Any CPU.ActiveCfg = Debug|Any CPU
		{F7888961-12EC-4BF6-868E-70804FD3D09A}.Debug|Any CPU.Build.0 = Debug|Any CPU
		{F7888961-12EC-4BF6-868E-70804FD3D09A}.Release|Any CPU.ActiveCfg = Release|Any CPU
		{F7888961-12EC-4BF6-868E-70804FD3D09A}.Release|Any CPU.Build.0 = Release|Any CPU
	EndGlobalSection
	GlobalSection(SolutionProperties) = preSolution
		HideSolutionNode = FALSE
	EndGlobalSection
	GlobalSection(ExtensibilityGlobals) = postSolution
		SolutionGuid = {D29321DC-C11F-455F-A38B-E5845A75FDFE}
	EndGlobalSection
EndGlobal
